
Microsoft Visual Studio Solution File, Format Version 12.00
# Visual Studio Version 16
VisualStudioVersion = 16.0.30611.23
MinimumVisualStudioVersion = 10.0.40219.1
Project("{FAE04EC0-301F-11D3-BF4B-00C04F79EFBC}") = "myfirsrwebapi", "myfirsrwebapi\myfirsrwebapi.csproj", "{613E4585-2C06-4D10-8B86-960A92FD3159}"
EndProject
Global
	GlobalSection(SolutionConfigurationPlatforms) = preSolution
		Debug|Any CPU = Debug|Any CPU
		Release|Any CPU = Release|Any CPU
	EndGlobalSection
	GlobalSection(ProjectConfigurationPlatforms) = postSolution
		{613E4585-2C06-4D10-8B86-960A92FD3159}.Debug|Any CPU.ActiveCfg = Debug|Any CPU
		{613E4585-2C06-4D10-8B86-960A92FD3159}.Debug|Any CPU.Build.0 = Debug|Any CPU
		{613E4585-2C06-4D10-8B86-960A92FD3159}.Release|Any CPU.ActiveCfg = Release|Any CPU
		{613E4585-2C06-4D10-8B86-960A92FD3159}.Release|Any CPU.Build.0 = Release|Any CPU
	EndGlobalSection
	GlobalSection(SolutionProperties) = preSolution
		HideSolutionNode = FALSE
	EndGlobalSection
	GlobalSection(ExtensibilityGlobals) = postSolution
		SolutionGuid = {E0E0B37F-738D-4CBD-9511-6366E58B04B4}
	EndGlobalSection
EndGlobal
